{
  "name": "flatZ",
  "lockfileVersion": 3,
  "requires": true,
  "packages": {
    "": {
      "dependencies": {
        "implicit": "^0.0.2"
      }
    },
    "node_modules/async": {
      "version": "1.4.2",
      "resolved": "https://registry.npmjs.org/async/-/async-1.4.2.tgz",
      "integrity": "sha512-O4fvy4JjdS0Q8MYH4jOODxJdXGbZ61eqfXdmfFDloHSnWoggxkn/+xWbh2eQbmQ6pJNliaravcTK1iQMpW9k4Q=="
    },
    "node_modules/debug": {
      "version": "2.2.0",
      "resolved": "https://registry.npmjs.org/debug/-/debug-2.2.0.tgz",
      "integrity": "sha512-X0rGvJcskG1c3TgSCPqHJ0XJgwlcvOC7elJ5Y0hYuKBZoVqWpAMfLOeIh2UI/DCQ5ruodIjvsugZtjUYUw2pUw==",
      "dependencies": {
        "ms": "0.7.1"
      }
    },
    "node_modules/implicit": {
      "version": "0.0.2",
      "resolved": "https://registry.npmjs.org/implicit/-/implicit-0.0.2.tgz",
      "integrity": "sha512-Z8lUJdqcYqHx00CP9qi0voORCt/JSIZXtR8cMzvzSbSEJF1wI+lwtAzIL3xvFGZWRNoxM8kxzPAOGAaXpww3Rg==",
      "dependencies": {
        "async": "1.4.2",
        "debug": "2.2.0",
        "lodash": "3.10.1",
        "match-files": "0.1.1",
        "minimist": "1.2.0",
        "typescript": "1.4.1",
        "walker": "1.0.7"
      },
      "bin": {
        "implicit": "bin/implicit.js"
      },
      "engines": {
        "node": ">=0.10"
      }
    },
    "node_modules/lodash": {
      "version": "3.10.1",
      "resolved": "https://registry.npmjs.org/lodash/-/lodash-3.10.1.tgz",
      "integrity": "sha512-9mDDwqVIma6OZX79ZlDACZl8sBm0TEnkf99zV3iMA4GzkIT/9hiqP5mY0HoT1iNLCrKc/R1HByV+yJfRWVJryQ=="
    },
    "node_modules/makeerror": {
      "version": "1.0.12",
      "resolved": "https://registry.npmjs.org/makeerror/-/makeerror-1.0.12.tgz",
      "integrity": "sha512-JmqCvUhmt43madlpFzG4BQzG2Z3m6tvQDNKdClZnO3VbIudJYmxsT0FNJMeiB2+JTSlTQTSbU8QdesVmwJcmLg==",
      "dependencies": {
        "tmpl": "1.0.5"
      }
    },
    "node_modules/match-files": {
      "version": "0.1.1",
      "resolved": "https://registry.npmjs.org/match-files/-/match-files-0.1.1.tgz",
      "integrity": "sha512-ITFfY8e2oVFkLUJ/ZIPzORUdsaq3qApQzUFbrRfxhSCi0VhlJXm7imj/ZZkw5QyjO07OVdkbwKHI4zyaXpUjDw==",
      "dependencies": {
        "step-object": "0.2.2"
      }
    },
    "node_modules/minimist": {
      "version": "1.2.0",
      "resolved": "https://registry.npmjs.org/minimist/-/minimist-1.2.0.tgz",
      "integrity": "sha512-7Wl+Jz+IGWuSdgsQEJ4JunV0si/iMhg42MnQQG6h1R6TNeVenp4U9x5CC5v/gYqz/fENLQITAWXidNtVL0NNbw=="
    },
    "node_modules/ms": {
      "version": "0.7.1",
      "resolved": "https://registry.npmjs.org/ms/-/ms-0.7.1.tgz",
      "integrity": "sha512-lRLiIR9fSNpnP6TC4v8+4OU7oStC01esuNowdQ34L+Gk8e5Puoc88IqJ+XAY/B3Mn2ZKis8l8HX90oU8ivzUHg=="
    },
    "node_modules/step": {
      "version": "0.0.6",
      "resolved": "https://registry.npmjs.org/step/-/step-0.0.6.tgz",
      "integrity": "sha512-qSSeQinUJk2w38vUFobjFoE307GqsozMC8VisOCkJLpklvKPT0ptPHwWOrENoag8rgLudvTkfP3bancwP93/Jw=="
    },
    "node_modules/step-object": {
      "version": "0.2.2",
      "resolved": "https://registry.npmjs.org/step-object/-/step-object-0.2.2.tgz",
      "integrity": "sha512-ihkqRRV6XtYlTW2T3g/GDt+EB8Hv3DGx6xXOS8An5UxI8U3UtEbqHOXaY7c01pNDESIrLK5JP0U6g8qcs1FjSA==",
      "dependencies": {
        "step": "~0.0.5"
      }
    },
    "node_modules/tmpl": {
      "version": "1.0.5",
      "resolved": "https://registry.npmjs.org/tmpl/-/tmpl-1.0.5.tgz",
      "integrity": "sha512-3f0uOEAQwIqGuWW2MVzYg8fV/QNnc/IpuJNG837rLuczAaLVHslWHZQj4IGiEl5Hs3kkbhwL9Ab7Hrsmuj+Smw=="
    },
    "node_modules/typescript": {
      "version": "1.4.1",
      "resolved": "https://registry.npmjs.org/typescript/-/typescript-1.4.1.tgz",
      "integrity": "sha512-ZmFU3h/TzPofFlcMe8stHEBdrC/U0Mzs+s91OXEFKLMjjfPM1v/udHkvR0A4FLyjELdtRR8fgmjB/GeKBbW6UA==",
      "bin": {
        "tsc": "bin/tsc"
      },
      "engines": {
        "node": ">=0.8.0"
      }
    },
    "node_modules/walker": {
      "version": "1.0.7",
      "resolved": "https://registry.npmjs.org/walker/-/walker-1.0.7.tgz",
      "integrity": "sha512-cF4je9Fgt6sj1PKfuFt9jpQPeHosM+Ryma/hfY9U7uXGKM7pJCsF0v2r55o+Il54+i77SyYWetB4tD1dEygRkw==",
      "dependencies": {
        "makeerror": "1.0.x"
      }
    }
  }
}
